
Microsoft Visual Studio Solution File, Format Version 12.00
# Visual Studio 14
VisualStudioVersion = 14.0.25420.1
MinimumVisualStudioVersion = 10.0.40219.1
Project("{FAE04EC0-301F-11D3-BF4B-00C04F79EFBC}") = "filereading", "filereading\filereading.csproj", "{622BA223-B669-4F38-8069-05DDF528CBD3}"
EndProject
Project("{FAE04EC0-301F-11D3-BF4B-00C04F79EFBC}") = "filereading2", "filereading2\filereading2.csproj", "{EDCC39E5-2CE2-4EED-A006-E817384919D7}"
EndProject
Global
	GlobalSection(SolutionConfigurationPlatforms) = preSolution
		Debug|Any CPU = Debug|Any CPU
		Release|Any CPU = Release|Any CPU
	EndGlobalSection
	GlobalSection(ProjectConfigurationPlatforms) = postSolution
		{622BA223-B669-4F38-8069-05DDF528CBD3}.Debug|Any CPU.ActiveCfg = Debug|Any CPU
		{622BA223-B669-4F38-8069-05DDF528CBD3}.Debug|Any CPU.Build.0 = Debug|Any CPU
		{622BA223-B669-4F38-8069-05DDF528CBD3}.Release|Any CPU.ActiveCfg = Release|Any CPU
		{622BA223-B669-4F38-8069-05DDF528CBD3}.Release|Any CPU.Build.0 = Release|Any CPU
		{EDCC39E5-2CE2-4EED-A006-E817384919D7}.Debug|Any CPU.ActiveCfg = Debug|Any CPU
		{EDCC39E5-2CE2-4EED-A006-E817384919D7}.Debug|Any CPU.Build.0 = Debug|Any CPU
		{EDCC39E5-2CE2-4EED-A006-E817384919D7}.Release|Any CPU.ActiveCfg = Release|Any CPU
		{EDCC39E5-2CE2-4EED-A006-E817384919D7}.Release|Any CPU.Build.0 = Release|Any CPU
	EndGlobalSection
	GlobalSection(SolutionProperties) = preSolution
		HideSolutionNode = FALSE
	EndGlobalSection
EndGlobal
